// !$*UTF8*$!
{
	archiveVersion = 1;
	classes = {
	};
	objectVersion = 50;
	objects = {

/* Begin PBXBuildFile section */
		6A409743252F7FC200BBB52D /* AppDelegate.swift in Sources */ = {isa = PBXBuildFile; fileRef = 6A409742252F7FC200BBB52D /* AppDelegate.swift */; };
		6A409745252F7FC200BBB52D /* ViewController.swift in Sources */ = {isa = PBXBuildFile; fileRef = 6A409744252F7FC200BBB52D /* ViewController.swift */; };
		6A40974A252F7FC200BBB52D /* Main.storyboard in Resources */ = {isa = PBXBuildFile; fileRef = 6A409748252F7FC200BBB52D /* Main.storyboard */; };
		6A40974C252F7FC300BBB52D /* Assets.xcassets in Resources */ = {isa = PBXBuildFile; fileRef = 6A40974B252F7FC300BBB52D /* Assets.xcassets */; };
		6A40974F252F7FC300BBB52D /* LaunchScreen.storyboard in Resources */ = {isa = PBXBuildFile; fileRef = 6A40974D252F7FC300BBB52D /* LaunchScreen.storyboard */; };
		6A40975B252F803F00BBB52D /* GuidesRC.rcproject in Sources */ = {isa = PBXBuildFile; fileRef = 6A409758252F803F00BBB52D /* GuidesRC.rcproject */; };
		6A40975C252F803F00BBB52D /* Guides.swift in Sources */ = {isa = PBXBuildFile; fileRef = 6A409759252F803F00BBB52D /* Guides.swift */; };
		6A40975D252F803F00BBB52D /* guides.grid.png in Resources */ = {isa = PBXBuildFile; fileRef = 6A40975A252F803F00BBB52D /* guides.grid.png */; };
		6A409761252F819F00BBB52D /* Experience.rcproject in Sources */ = {isa = PBXBuildFile; fileRef = 6A409760252F819F00BBB52D /* Experience.rcproject */; };
		6A409764252F8C6600BBB52D /* InterfaceView.swift in Sources */ = {isa = PBXBuildFile; fileRef = 6A409763252F8C6600BBB52D /* InterfaceView.swift */; };
/* End PBXBuildFile section */

/* Begin PBXFileReference section */
		6A40973F252F7FC200BBB52D /* PlaneDetect.app */ = {isa = PBXFileReference; explicitFileType = wrapper.application; includeInIndex = 0; path = PlaneDetect.app; sourceTree = BUILT_PRODUCTS_DIR; };
		6A409742252F7FC200BBB52D /* AppDelegate.swift */ = {isa = PBXFileReference; lastKnownFileType = sourcecode.swift; path = AppDelegate.swift; sourceTree = "<group>"; };
		6A409744252F7FC200BBB52D /* ViewController.swift */ = {isa = PBXFileReference; lastKnownFileType = sourcecode.swift; path = ViewController.swift; sourceTree = "<group>"; };
		6A409749252F7FC200BBB52D /* Base */ = {isa = PBXFileReference; lastKnownFileType = file.storyboard; name = Base; path = Base.lproj/Main.storyboard; sourceTree = "<group>"; };
		6A40974B252F7FC300BBB52D /* Assets.xcassets */ = {isa = PBXFileReference; lastKnownFileType = folder.assetcatalog; path = Assets.xcassets; sourceTree = "<group>"; };
		6A40974E252F7FC300BBB52D /* Base */ = {isa = PBXFileReference; lastKnownFileType = file.storyboard; name = Base; path = Base.lproj/LaunchScreen.storyboard; sourceTree = "<group>"; };
		6A409750252F7FC300BBB52D /* Info.plist */ = {isa = PBXFileReference; lastKnownFileType = text.plist.xml; path = Info.plist; sourceTree = "<group>"; };
		6A409758252F803F00BBB52D /* GuidesRC.rcproject */ = {isa = PBXFileReference; lastKnownFileType = file.rcproject; path = GuidesRC.rcproject; sourceTree = "<group>"; };
		6A409759252F803F00BBB52D /* Guides.swift */ = {isa = PBXFileReference; fileEncoding = 4; lastKnownFileType = sourcecode.swift; path = Guides.swift; sourceTree = "<group>"; };
		6A40975A252F803F00BBB52D /* guides.grid.png */ = {isa = PBXFileReference; lastKnownFileType = image.png; path = guides.grid.png; sourceTree = "<group>"; };
		6A409760252F819F00BBB52D /* Experience.rcproject */ = {isa = PBXFileReference; lastKnownFileType = file.rcproject; path = Experience.rcproject; sourceTree = "<group>"; };
		6A409763252F8C6600BBB52D /* InterfaceView.swift */ = {isa = PBXFileReference; lastKnownFileType = sourcecode.swift; path = InterfaceView.swift; sourceTree = "<group>"; };
/* End PBXFileReference section */

/* Begin PBXFrameworksBuildPhase section */
		6A40973C252F7FC200BBB52D /* Frameworks */ = {
			isa = PBXFrameworksBuildPhase;
			buildActionMask = 2147483647;
			files = (
			);
			runOnlyForDeploymentPostprocessing = 0;
		};
/* End PBXFrameworksBuildPhase section */

/* Begin PBXGroup section */
		6A409736252F7FC200BBB52D = {
			isa = PBXGroup;
			children = (
				6A409741252F7FC200BBB52D /* PlaneDetect */,
				6A409740252F7FC200BBB52D /* Products */,
			);
			sourceTree = "<group>";
		};
		6A409740252F7FC200BBB52D /* Products */ = {
			isa = PBXGroup;
			children = (
				6A40973F252F7FC200BBB52D /* PlaneDetect.app */,
			);
			name = Products;
			sourceTree = "<group>";
		};
		6A409741252F7FC200BBB52D /* PlaneDetect */ = {
			isa = PBXGroup;
			children = (
				6A409742252F7FC200BBB52D /* AppDelegate.swift */,
				6A409744252F7FC200BBB52D /* ViewController.swift */,
				6A409763252F8C6600BBB52D /* InterfaceView.swift */,
				6A409760252F819F00BBB52D /* Experience.rcproject */,
				6A409748252F7FC200BBB52D /* Main.storyboard */,
				6A40974B252F7FC300BBB52D /* Assets.xcassets */,
				6A40974D252F7FC300BBB52D /* LaunchScreen.storyboard */,
				6A409750252F7FC300BBB52D /* Info.plist */,
				6A409757252F803F00BBB52D /* AR Guides */,
			);
			path = PlaneDetect;
			sourceTree = "<group>";
		};
		6A409757252F803F00BBB52D /* AR Guides */ = {
			isa = PBXGroup;
			children = (
				6A409758252F803F00BBB52D /* GuidesRC.rcproject */,
				6A409759252F803F00BBB52D /* Guides.swift */,
				6A40975A252F803F00BBB52D /* guides.grid.png */,
			);
			path = "AR Guides";
			sourceTree = "<group>";
		};
/* End PBXGroup section */

/* Begin PBXNativeTarget section */
		6A40973E252F7FC200BBB52D /* PlaneDetect */ = {
			isa = PBXNativeTarget;
			buildConfigurationList = 6A409753252F7FC300BBB52D /* Build configuration list for PBXNativeTarget "PlaneDetect" */;
			buildPhases = (
				6A40973B252F7FC200BBB52D /* Sources */,
				6A40973C252F7FC200BBB52D /* Frameworks */,
				6A40973D252F7FC200BBB52D /* Resources */,
			);
			buildRules = (
			);
			dependencies = (
			);
			name = PlaneDetect;
			productName = PlaneDetect;
			productReference = 6A40973F252F7FC200BBB52D /* PlaneDetect.app */;
			productType = "com.apple.product-type.application";
		};
/* End PBXNativeTarget section */

/* Begin PBXProject section */
		6A409737252F7FC200BBB52D /* Project object */ = {
			isa = PBXProject;
			attributes = {
				LastSwiftUpdateCheck = 1200;
				LastUpgradeCheck = 1200;
				TargetAttributes = {
					6A40973E252F7FC200BBB52D = {
						CreatedOnToolsVersion = 12.0.1;
					};
				};
			};
			buildConfigurationList = 6A40973A252F7FC200BBB52D /* Build configuration list for PBXProject "PlaneDetect" */;
			compatibilityVersion = "Xcode 9.3";
			developmentRegion = en;
			hasScannedForEncodings = 0;
			knownRegions = (
				en,
				Base,
			);
			mainGroup = 6A409736252F7FC200BBB52D;
			productRefGroup = 6A409740252F7FC200BBB52D /* Products */;
			projectDirPath = "";
			projectRoot = "";
			targets = (
				6A40973E252F7FC200BBB52D /* PlaneDetect */,
			);
		};
/* End PBXProject section */

/* Begin PBXResourcesBuildPhase section */
		6A40973D252F7FC200BBB52D /* Resources */ = {
			isa = PBXResourcesBuildPhase;
			buildActionMask = 2147483647;
			files = (
				6A40974F252F7FC300BBB52D /* LaunchScreen.storyboard in Resources */,
				6A40974C252F7FC300BBB52D /* Assets.xcassets in Resources */,
				6A40974A252F7FC200BBB52D /* Main.storyboard in Resources */,
				6A40975D252F803F00BBB52D /* guides.grid.png in Resources */,
			);
			runOnlyForDeploymentPostprocessing = 0;
		};
/* End PBXResourcesBuildPhase section */

/* Begin PBXSourcesBuildPhase section */
		6A40973B252F7FC200BBB52D /* Sources */ = {
			isa = PBXSourcesBuildPhase;
			buildActionMask = 2147483647;
			files = (
				6A409764252F8C6600BBB52D /* InterfaceView.swift in Sources */,
				6A409745252F7FC200BBB52D /* ViewController.swift in Sources */,
				6A409761252F819F00BBB52D /* Experience.rcproject in Sources */,
				6A409743252F7FC200BBB52D /* AppDelegate.swift in Sources */,
				6A40975B252F803F00BBB52D /* GuidesRC.rcproject in Sources */,
				6A40975C252F803F00BBB52D /* Guides.swift in Sources */,
			);
			runOnlyForDeploymentPostprocessing = 0;
		};
/* End PBXSourcesBuildPhase section */

/* Begin PBXVariantGroup section */
		6A409748252F7FC200BBB52D /* Main.storyboard */ = {
			isa = PBXVariantGroup;
			children = (
				6A409749252F7FC200BBB52D /* Base */,
			);
			name = Main.storyboard;
			sourceTree = "<group>";
		};
		6A40974D252F7FC300BBB52D /* LaunchScreen.storyboard */ = {
			isa = PBXVariantGroup;
			children = (
				6A40974E252F7FC300BBB52D /* Base */,
			);
			name = LaunchScreen.storyboard;
			sourceTree = "<group>";
		};
/* End PBXVariantGroup section */

/* Begin XCBuildConfiguration section */
		6A409751252F7FC300BBB52D /* Debug */ = {
			isa = XCBuildConfiguration;
			buildSettings = {
				ALWAYS_SEARCH_USER_PATHS = NO;
				CLANG_ANALYZER_NONNULL = YES;
				CLANG_ANALYZER_NUMBER_OBJECT_CONVERSION = YES_AGGRESSIVE;
				CLANG_CXX_LANGUAGE_STANDARD = "gnu++14";
				CLANG_CXX_LIBRARY = "libc++";
				CLANG_ENABLE_MODULES = YES;
				CLANG_ENABLE_OBJC_ARC = YES;
				CLANG_ENABLE_OBJC_WEAK = YES;
				CLANG_WARN_BLOCK_CAPTURE_AUTORELEASING = YES;
				CLANG_WARN_BOOL_CONVERSION = YES;
				CLANG_WARN_COMMA = YES;
				CLANG_WARN_CONSTANT_CONVERSION = YES;
				CLANG_WARN_DEPRECATED_OBJC_IMPLEMENTATIONS = YES;
				CLANG_WARN_DIRECT_OBJC_ISA_USAGE = YES_ERROR;
				CLANG_WARN_DOCUMENTATION_COMMENTS = YES;
				CLANG_WARN_EMPTY_BODY = YES;
				CLANG_WARN_ENUM_CONVERSION = YES;
				CLANG_WARN_INFINITE_RECURSION = YES;
				CLANG_WARN_INT_CONVERSION = YES;
				CLANG_WARN_NON_LITERAL_NULL_CONVERSION = YES;
				CLANG_WARN_OBJC_IMPLICIT_RETAIN_SELF = YES;
				CLANG_WARN_OBJC_LITERAL_CONVERSION = YES;
				CLANG_WARN_OBJC_ROOT_CLASS = YES_ERROR;
				CLANG_WARN_QUOTED_INCLUDE_IN_FRAMEWORK_HEADER = YES;
				CLANG_WARN_RANGE_LOOP_ANALYSIS = YES;
				CLANG_WARN_STRICT_PROTOTYPES = YES;
				CLANG_WARN_SUSPICIOUS_MOVE = YES;
				CLANG_WARN_UNGUARDED_AVAILABILITY = YES_AGGRESSIVE;
				CLANG_WARN_UNREACHABLE_CODE = YES;
				CLANG_WARN__DUPLICATE_METHOD_MATCH = YES;
				COPY_PHASE_STRIP = NO;
				DEBUG_INFORMATION_FORMAT = dwarf;
				ENABLE_STRICT_OBJC_MSGSEND = YES;
				ENABLE_TESTABILITY = YES;
				GCC_C_LANGUAGE_STANDARD = gnu11;
				GCC_DYNAMIC_NO_PIC = NO;
				GCC_NO_COMMON_BLOCKS = YES;
				GCC_OPTIMIZATION_LEVEL = 0;
				GCC_PREPROCESSOR_DEFINITIONS = (
					"DEBUG=1",
					"$(inherited)",
				);
				GCC_WARN_64_TO_32_BIT_CONVERSION = YES;
				GCC_WARN_ABOUT_RETURN_TYPE = YES_ERROR;
				GCC_WARN_UNDECLARED_SELECTOR = YES;
				GCC_WARN_UNINITIALIZED_AUTOS = YES_AGGRESSIVE;
				GCC_WARN_UNUSED_FUNCTION = YES;
				GCC_WARN_UNUSED_VARIABLE = YES;
				IPHONEOS_DEPLOYMENT_TARGET = 14.0;
				MTL_ENABLE_DEBUG_INFO = INCLUDE_SOURCE;
				MTL_FAST_MATH = YES;
				ONLY_ACTIVE_ARCH = YES;
				SDKROOT = iphoneos;
				SWIFT_ACTIVE_COMPILATION_CONDITIONS = DEBUG;
				SWIFT_OPTIMIZATION_LEVEL = "-Onone";
			};
			name = Debug;
		};
		6A409752252F7FC300BBB52D /* Release */ = {
			isa = XCBuildConfiguration;
			buildSettings = {
				ALWAYS_SEARCH_USER_PATHS = NO;
				CLANG_ANALYZER_NONNULL = YES;
				CLANG_ANALYZER_NUMBER_OBJECT_CONVERSION = YES_AGGRESSIVE;
				CLANG_CXX_LANGUAGE_STANDARD = "gnu++14";
				CLANG_CXX_LIBRARY = "libc++";
				CLANG_ENABLE_MODULES = YES;
				CLANG_ENABLE_OBJC_ARC = YES;
				CLANG_ENABLE_OBJC_WEAK = YES;
				CLANG_WARN_BLOCK_CAPTURE_AUTORELEASING = YES;
				CLANG_WARN_BOOL_CONVERSION = YES;
				CLANG_WARN_COMMA = YES;
				CLANG_WARN_CONSTANT_CONVERSION = YES;
				CLANG_WARN_DEPRECATED_OBJC_IMPLEMENTATIONS = YES;
				CLANG_WARN_DIRECT_OBJC_ISA_USAGE = YES_ERROR;
				CLANG_WARN_DOCUMENTATION_COMMENTS = YES;
				CLANG_WARN_EMPTY_BODY = YES;
				CLANG_WARN_ENUM_CONVERSION = YES;
				CLANG_WARN_INFINITE_RECURSION = YES;
				CLANG_WARN_INT_CONVERSION = YES;
				CLANG_WARN_NON_LITERAL_NULL_CONVERSION = YES;
				CLANG_WARN_OBJC_IMPLICIT_RETAIN_SELF = YES;
				CLANG_WARN_OBJC_LITERAL_CONVERSION = YES;
				CLANG_WARN_OBJC_ROOT_CLASS = YES_ERROR;
				CLANG_WARN_QUOTED_INCLUDE_IN_FRAMEWORK_HEADER = YES;
				CLANG_WARN_RANGE_LOOP_ANALYSIS = YES;
				CLANG_WARN_STRICT_PROTOTYPES = YES;
				CLANG_WARN_SUSPICIOUS_MOVE = YES;
				CLANG_WARN_UNGUARDED_AVAILABILITY = YES_AGGRESSIVE;
				CLANG_WARN_UNREACHABLE_CODE = YES;
				CLANG_WARN__DUPLICATE_METHOD_MATCH = YES;
				COPY_PHASE_STRIP = NO;
				DEBUG_INFORMATION_FORMAT = "dwarf-with-dsym";
				ENABLE_NS_ASSERTIONS = NO;
				ENABLE_STRICT_OBJC_MSGSEND = YES;
				GCC_C_LANGUAGE_STANDARD = gnu11;
				GCC_NO_COMMON_BLOCKS = YES;
				GCC_WARN_64_TO_32_BIT_CONVERSION = YES;
				GCC_WARN_ABOUT_RETURN_TYPE = YES_ERROR;
				GCC_WARN_UNDECLARED_SELECTOR = YES;
				GCC_WARN_UNINITIALIZED_AUTOS = YES_AGGRESSIVE;
				GCC_WARN_UNUSED_FUNCTION = YES;
				GCC_WARN_UNUSED_VARIABLE = YES;
				IPHONEOS_DEPLOYMENT_TARGET = 14.0;
				MTL_ENABLE_DEBUG_INFO = NO;
				MTL_FAST_MATH = YES;
				SDKROOT = iphoneos;
				SWIFT_COMPILATION_MODE = wholemodule;
				SWIFT_OPTIMIZATION_LEVEL = "-O";
				VALIDATE_PRODUCT = YES;
			};
			name = Release;
		};
		6A409754252F7FC300BBB52D /* Debug */ = {
			isa = XCBuildConfiguration;
			buildSettings = {
				ASSETCATALOG_COMPILER_APPICON_NAME = AppIcon;
				ASSETCATALOG_COMPILER_GLOBAL_ACCENT_COLOR_NAME = AccentColor;
				CODE_SIGN_STYLE = Automatic;
				DEVELOPMENT_TEAM = PP7PPHDHG2;
				INFOPLIST_FILE = PlaneDetect/Info.plist;
				LD_RUNPATH_SEARCH_PATHS = (
					"$(inherited)",
					"@executable_path/Frameworks",
				);
				PRODUCT_BUNDLE_IDENTIFIER = edu.nyu.www;
				PRODUCT_NAME = "$(TARGET_NAME)";
				SWIFT_VERSION = 5.0;
				TARGETED_DEVICE_FAMILY = "1,2";
			};
			name = Debug;
		};
		6A409755252F7FC300BBB52D /* Release */ = {
			isa = XCBuildConfiguration;
			buildSettings = {
				ASSETCATALOG_COMPILER_APPICON_NAME = AppIcon;
				ASSETCATALOG_COMPILER_GLOBAL_ACCENT_COLOR_NAME = AccentColor;
				CODE_SIGN_STYLE = Automatic;
				DEVELOPMENT_TEAM = PP7PPHDHG2;
				INFOPLIST_FILE = PlaneDetect/Info.plist;
				LD_RUNPATH_SEARCH_PATHS = (
					"$(inherited)",
					"@executable_path/Frameworks",
				);
				PRODUCT_BUNDLE_IDENTIFIER = edu.nyu.ww;
				PRODUCT_NAME = "$(TARGET_NAME)";
				SWIFT_VERSION = 5.0;
				TARGETED_DEVICE_FAMILY = "1,2";
			};
			name = Release;
		};
/* End XCBuildConfiguration section */

/* Begin XCConfigurationList section */
		6A40973A252F7FC200BBB52D /* Build configuration list for PBXProject "PlaneDetect" */ = {
			isa = XCConfigurationList;
			buildConfigurations = (
				6A409751252F7FC300BBB52D /* Debug */,
				6A409752252F7FC300BBB52D /* Release */,
			);
			defaultConfigurationIsVisible = 0;
			defaultConfigurationName = Release;
		};
		6A409753252F7FC300BBB52D /* Build configuration list for PBXNativeTarget "PlaneDetect" */ = {
			isa = XCConfigurationList;
			buildConfigurations = (
				6A409754252F7FC300BBB52D /* Debug */,
				6A409755252F7FC300BBB52D /* Release */,
			);
			defaultConfigurationIsVisible = 0;
			defaultConfigurationName = Release;
		};
/* End XCConfigurationList section */
	};
	rootObject = 6A409737252F7FC200BBB52D /* Project object */;
}
